
Microsoft Visual Studio Solution File, Format Version 12.00
# Visual Studio Version 17
VisualStudioVersion = 17.13.35828.75 d17.13
MinimumVisualStudioVersion = 10.0.40219.1
Project("{FAE04EC0-301F-11D3-BF4B-00C04F79EFBC}") = "CS_Intro", "CS_Intro.csproj", "{A1E334C1-E7D2-4D8B-97B6-82A8FBEBBF6E}"
EndProject
Global
	GlobalSection(SolutionConfigurationPlatforms) = preSolution
		Debug|Any CPU = Debug|Any CPU
		Release|Any CPU = Release|Any CPU
	EndGlobalSection
	GlobalSection(ProjectConfigurationPlatforms) = postSolution
		{A1E334C1-E7D2-4D8B-97B6-82A8FBEBBF6E}.Debug|Any CPU.ActiveCfg = Debug|Any CPU
		{A1E334C1-E7D2-4D8B-97B6-82A8FBEBBF6E}.Debug|Any CPU.Build.0 = Debug|Any CPU
		{A1E334C1-E7D2-4D8B-97B6-82A8FBEBBF6E}.Release|Any CPU.ActiveCfg = Release|Any CPU
		{A1E334C1-E7D2-4D8B-97B6-82A8FBEBBF6E}.Release|Any CPU.Build.0 = Release|Any CPU
	EndGlobalSection
	GlobalSection(SolutionProperties) = preSolution
		HideSolutionNode = FALSE
	EndGlobalSection
	GlobalSection(ExtensibilityGlobals) = postSolution
		SolutionGuid = {13ECC4F1-F513-420C-99EA-FC45BF97209B}
	EndGlobalSection
EndGlobal
